// !$*UTF8*$!
{
	archiveVersion = 1;
	classes = {
	};
	objectVersion = 51;
	objects = {

/* Begin PBXBuildFile section */
		3FC8221F0475D722E53E601D /* Pods_CatchCash.framework in Frameworks */ = {isa = PBXBuildFile; fileRef = 63B34802C0276FCA72D58C9D /* Pods_CatchCash.framework */; };
		BF38BFA024B58686001C8C4B /* TokenManager.swift in Sources */ = {isa = PBXBuildFile; fileRef = BF38BF9F24B58686001C8C4B /* TokenManager.swift */; };
		BF38BFA324B58D91001C8C4B /* Transaction.swift in Sources */ = {isa = PBXBuildFile; fileRef = BF38BFA224B58D91001C8C4B /* Transaction.swift */; };
		BF589EEB24B411CE00CFDA7C /* AppDelegate.swift in Sources */ = {isa = PBXBuildFile; fileRef = BF589EEA24B411CE00CFDA7C /* AppDelegate.swift */; };
		BF589EF224B411CE00CFDA7C /* Main.storyboard in Resources */ = {isa = PBXBuildFile; fileRef = BF589EF024B411CE00CFDA7C /* Main.storyboard */; };
		BF589EF424B411D300CFDA7C /* Assets.xcassets in Resources */ = {isa = PBXBuildFile; fileRef = BF589EF324B411D300CFDA7C /* Assets.xcassets */; };
		BF589EF724B411D300CFDA7C /* LaunchScreen.storyboard in Resources */ = {isa = PBXBuildFile; fileRef = BF589EF524B411D300CFDA7C /* LaunchScreen.storyboard */; };
		BF589F0524B4411300CFDA7C /* AccountCollectionViewCell.swift in Sources */ = {isa = PBXBuildFile; fileRef = BF589F0324B4411300CFDA7C /* AccountCollectionViewCell.swift */; };
		BF589F0624B4411300CFDA7C /* AccountCollectionViewCell.xib in Resources */ = {isa = PBXBuildFile; fileRef = BF589F0424B4411300CFDA7C /* AccountCollectionViewCell.xib */; };
		BF589F0A24B445CE00CFDA7C /* TransactionTableViewCell.swift in Sources */ = {isa = PBXBuildFile; fileRef = BF589F0824B445CE00CFDA7C /* TransactionTableViewCell.swift */; };
		BF589F0B24B445CE00CFDA7C /* TransactionTableViewCell.xib in Resources */ = {isa = PBXBuildFile; fileRef = BF589F0924B445CE00CFDA7C /* TransactionTableViewCell.xib */; };
		BF589F1224B4510000CFDA7C /* GoalView.swift in Sources */ = {isa = PBXBuildFile; fileRef = BF589F1124B4510000CFDA7C /* GoalView.swift */; };
		BF589F1424B466CB00CFDA7C /* PieChartView.swift in Sources */ = {isa = PBXBuildFile; fileRef = BF589F1324B466CB00CFDA7C /* PieChartView.swift */; };
		BF589F1724B4689D00CFDA7C /* UsageCategory.swift in Sources */ = {isa = PBXBuildFile; fileRef = BF589F1624B4689D00CFDA7C /* UsageCategory.swift */; };
		BF589F1924B46A7900CFDA7C /* Color.swift in Sources */ = {isa = PBXBuildFile; fileRef = BF589F1824B46A7900CFDA7C /* Color.swift */; };
		BF589F1B24B48DE300CFDA7C /* Gradient.swift in Sources */ = {isa = PBXBuildFile; fileRef = BF589F1A24B48DE300CFDA7C /* Gradient.swift */; };
		BF589F2324B54D6100CFDA7C /* LabelPicker.xib in Resources */ = {isa = PBXBuildFile; fileRef = BF589F2224B54D6100CFDA7C /* LabelPicker.xib */; };
		BF589F2624B5573000CFDA7C /* API.swift in Sources */ = {isa = PBXBuildFile; fileRef = BF589F2524B5573000CFDA7C /* API.swift */; };
		BF589F2824B56B3800CFDA7C /* Service.swift in Sources */ = {isa = PBXBuildFile; fileRef = BF589F2724B56B3800CFDA7C /* Service.swift */; };
/* End PBXBuildFile section */

/* Begin PBXFileReference section */
		428803BFA6AED38B05787F00 /* Pods-CatchCash.debug.xcconfig */ = {isa = PBXFileReference; includeInIndex = 1; lastKnownFileType = text.xcconfig; name = "Pods-CatchCash.debug.xcconfig"; path = "Target Support Files/Pods-CatchCash/Pods-CatchCash.debug.xcconfig"; sourceTree = "<group>"; };
		63B34802C0276FCA72D58C9D /* Pods_CatchCash.framework */ = {isa = PBXFileReference; explicitFileType = wrapper.framework; includeInIndex = 0; path = Pods_CatchCash.framework; sourceTree = BUILT_PRODUCTS_DIR; };
		7264C1CE385D4BDEC90ABC17 /* Pods-CatchCash.release.xcconfig */ = {isa = PBXFileReference; includeInIndex = 1; lastKnownFileType = text.xcconfig; name = "Pods-CatchCash.release.xcconfig"; path = "Target Support Files/Pods-CatchCash/Pods-CatchCash.release.xcconfig"; sourceTree = "<group>"; };
		BF38BF9F24B58686001C8C4B /* TokenManager.swift */ = {isa = PBXFileReference; lastKnownFileType = sourcecode.swift; path = TokenManager.swift; sourceTree = "<group>"; };
		BF38BFA224B58D91001C8C4B /* Transaction.swift */ = {isa = PBXFileReference; lastKnownFileType = sourcecode.swift; path = Transaction.swift; sourceTree = "<group>"; };
		BF589EE724B411CE00CFDA7C /* CatchCash.app */ = {isa = PBXFileReference; explicitFileType = wrapper.application; includeInIndex = 0; path = CatchCash.app; sourceTree = BUILT_PRODUCTS_DIR; };
		BF589EEA24B411CE00CFDA7C /* AppDelegate.swift */ = {isa = PBXFileReference; lastKnownFileType = sourcecode.swift; path = AppDelegate.swift; sourceTree = "<group>"; };
		BF589EF124B411CE00CFDA7C /* Base */ = {isa = PBXFileReference; lastKnownFileType = file.storyboard; name = Base; path = Base.lproj/Main.storyboard; sourceTree = "<group>"; };
		BF589EF324B411D300CFDA7C /* Assets.xcassets */ = {isa = PBXFileReference; lastKnownFileType = folder.assetcatalog; path = Assets.xcassets; sourceTree = "<group>"; };
		BF589EF624B411D300CFDA7C /* Base */ = {isa = PBXFileReference; lastKnownFileType = file.storyboard; name = Base; path = Base.lproj/LaunchScreen.storyboard; sourceTree = "<group>"; };
		BF589EF824B411D300CFDA7C /* Info.plist */ = {isa = PBXFileReference; lastKnownFileType = text.plist.xml; path = Info.plist; sourceTree = "<group>"; };
		BF589F0324B4411300CFDA7C /* AccountCollectionViewCell.swift */ = {isa = PBXFileReference; lastKnownFileType = sourcecode.swift; path = AccountCollectionViewCell.swift; sourceTree = "<group>"; };
		BF589F0424B4411300CFDA7C /* AccountCollectionViewCell.xib */ = {isa = PBXFileReference; lastKnownFileType = file.xib; path = AccountCollectionViewCell.xib; sourceTree = "<group>"; };
		BF589F0824B445CE00CFDA7C /* TransactionTableViewCell.swift */ = {isa = PBXFileReference; lastKnownFileType = sourcecode.swift; path = TransactionTableViewCell.swift; sourceTree = "<group>"; };
		BF589F0924B445CE00CFDA7C /* TransactionTableViewCell.xib */ = {isa = PBXFileReference; lastKnownFileType = file.xib; path = TransactionTableViewCell.xib; sourceTree = "<group>"; };
		BF589F1124B4510000CFDA7C /* GoalView.swift */ = {isa = PBXFileReference; lastKnownFileType = sourcecode.swift; path = GoalView.swift; sourceTree = "<group>"; };
		BF589F1324B466CB00CFDA7C /* PieChartView.swift */ = {isa = PBXFileReference; lastKnownFileType = sourcecode.swift; path = PieChartView.swift; sourceTree = "<group>"; };
		BF589F1624B4689D00CFDA7C /* UsageCategory.swift */ = {isa = PBXFileReference; lastKnownFileType = sourcecode.swift; path = UsageCategory.swift; sourceTree = "<group>"; };
		BF589F1824B46A7900CFDA7C /* Color.swift */ = {isa = PBXFileReference; lastKnownFileType = sourcecode.swift; path = Color.swift; sourceTree = "<group>"; };
		BF589F1A24B48DE300CFDA7C /* Gradient.swift */ = {isa = PBXFileReference; lastKnownFileType = sourcecode.swift; path = Gradient.swift; sourceTree = "<group>"; };
		BF589F2224B54D6100CFDA7C /* LabelPicker.xib */ = {isa = PBXFileReference; lastKnownFileType = file.xib; path = LabelPicker.xib; sourceTree = "<group>"; };
		BF589F2524B5573000CFDA7C /* API.swift */ = {isa = PBXFileReference; lastKnownFileType = sourcecode.swift; path = API.swift; sourceTree = "<group>"; };
		BF589F2724B56B3800CFDA7C /* Service.swift */ = {isa = PBXFileReference; lastKnownFileType = sourcecode.swift; path = Service.swift; sourceTree = "<group>"; };
/* End PBXFileReference section */

/* Begin PBXFrameworksBuildPhase section */
		BF589EE424B411CE00CFDA7C /* Frameworks */ = {
			isa = PBXFrameworksBuildPhase;
			buildActionMask = 2147483647;
			files = (
				3FC8221F0475D722E53E601D /* Pods_CatchCash.framework in Frameworks */,
			);
			runOnlyForDeploymentPostprocessing = 0;
		};
/* End PBXFrameworksBuildPhase section */

/* Begin PBXGroup section */
		BF38BF9E24B5866B001C8C4B /* Managers */ = {
			isa = PBXGroup;
			children = (
				BF38BF9F24B58686001C8C4B /* TokenManager.swift */,
			);
			path = Managers;
			sourceTree = "<group>";
		};
		BF38BFA124B58C4B001C8C4B /* Models */ = {
			isa = PBXGroup;
			children = (
				BF38BFA224B58D91001C8C4B /* Transaction.swift */,
				BF589F1624B4689D00CFDA7C /* UsageCategory.swift */,
			);
			path = Models;
			sourceTree = "<group>";
		};
		BF589EDE24B411CE00CFDA7C = {
			isa = PBXGroup;
			children = (
				BF589EE924B411CE00CFDA7C /* CatchCash */,
				BF589EE824B411CE00CFDA7C /* Products */,
				FDA4D07696B20052C4216077 /* Pods */,
				D499FF396EDABA1ED91C1657 /* Frameworks */,
			);
			sourceTree = "<group>";
		};
		BF589EE824B411CE00CFDA7C /* Products */ = {
			isa = PBXGroup;
			children = (
				BF589EE724B411CE00CFDA7C /* CatchCash.app */,
			);
			name = Products;
			sourceTree = "<group>";
		};
		BF589EE924B411CE00CFDA7C /* CatchCash */ = {
			isa = PBXGroup;
			children = (
				BF589EFF24B4146600CFDA7C /* Resource */,
				BF589EFE24B4146100CFDA7C /* Source */,
				BF589F0024B4146B00CFDA7C /* Supporting Files */,
			);
			path = CatchCash;
			sourceTree = "<group>";
		};
		BF589EFE24B4146100CFDA7C /* Source */ = {
			isa = PBXGroup;
			children = (
				BF38BFA124B58C4B001C8C4B /* Models */,
				BF38BF9E24B5866B001C8C4B /* Managers */,
				BF589F2424B5545500CFDA7C /* Networking */,
				BF589F1E24B545D300CFDA7C /* App */,
				BF589F1524B4688D00CFDA7C /* Custom */,
				BF589F1024B4506100CFDA7C /* Components */,
			);
			path = Source;
			sourceTree = "<group>";
		};
		BF589EFF24B4146600CFDA7C /* Resource */ = {
			isa = PBXGroup;
			children = (
				BF589F0224B440B500CFDA7C /* Components */,
				BF589EF024B411CE00CFDA7C /* Main.storyboard */,
				BF589EF324B411D300CFDA7C /* Assets.xcassets */,
				BF589EF524B411D300CFDA7C /* LaunchScreen.storyboard */,
			);
			path = Resource;
			sourceTree = "<group>";
		};
		BF589F0024B4146B00CFDA7C /* Supporting Files */ = {
			isa = PBXGroup;
			children = (
				BF589EF824B411D300CFDA7C /* Info.plist */,
			);
			path = "Supporting Files";
			sourceTree = "<group>";
		};
		BF589F0224B440B500CFDA7C /* Components */ = {
			isa = PBXGroup;
			children = (
				BF589F0424B4411300CFDA7C /* AccountCollectionViewCell.xib */,
				BF589F0924B445CE00CFDA7C /* TransactionTableViewCell.xib */,
				BF589F2224B54D6100CFDA7C /* LabelPicker.xib */,
			);
			path = Components;
			sourceTree = "<group>";
		};
		BF589F1024B4506100CFDA7C /* Components */ = {
			isa = PBXGroup;
			children = (
				BF589F0324B4411300CFDA7C /* AccountCollectionViewCell.swift */,
				BF589F0824B445CE00CFDA7C /* TransactionTableViewCell.swift */,
				BF589F1124B4510000CFDA7C /* GoalView.swift */,
				BF589F1324B466CB00CFDA7C /* PieChartView.swift */,
			);
			path = Components;
			sourceTree = "<group>";
		};
		BF589F1524B4688D00CFDA7C /* Custom */ = {
			isa = PBXGroup;
			children = (
				BF589F1824B46A7900CFDA7C /* Color.swift */,
				BF589F1A24B48DE300CFDA7C /* Gradient.swift */,
			);
			path = Custom;
			sourceTree = "<group>";
		};
		BF589F1E24B545D300CFDA7C /* App */ = {
			isa = PBXGroup;
			children = (
				BF589EEA24B411CE00CFDA7C /* AppDelegate.swift */,
			);
			path = App;
			sourceTree = "<group>";
		};
		BF589F2424B5545500CFDA7C /* Networking */ = {
			isa = PBXGroup;
			children = (
				BF589F2524B5573000CFDA7C /* API.swift */,
				BF589F2724B56B3800CFDA7C /* Service.swift */,
			);
			path = Networking;
			sourceTree = "<group>";
		};
		D499FF396EDABA1ED91C1657 /* Frameworks */ = {
			isa = PBXGroup;
			children = (
				63B34802C0276FCA72D58C9D /* Pods_CatchCash.framework */,
			);
			name = Frameworks;
			sourceTree = "<group>";
		};
		FDA4D07696B20052C4216077 /* Pods */ = {
			isa = PBXGroup;
			children = (
				428803BFA6AED38B05787F00 /* Pods-CatchCash.debug.xcconfig */,
				7264C1CE385D4BDEC90ABC17 /* Pods-CatchCash.release.xcconfig */,
			);
			path = Pods;
			sourceTree = "<group>";
		};
/* End PBXGroup section */

/* Begin PBXNativeTarget section */
		BF589EE624B411CE00CFDA7C /* CatchCash */ = {
			isa = PBXNativeTarget;
			buildConfigurationList = BF589EFB24B411D300CFDA7C /* Build configuration list for PBXNativeTarget "CatchCash" */;
			buildPhases = (
				14EA2BB22050119F63E7C98E /* [CP] Check Pods Manifest.lock */,
				BF589EE324B411CE00CFDA7C /* Sources */,
				BF589EE424B411CE00CFDA7C /* Frameworks */,
				BF589EE524B411CE00CFDA7C /* Resources */,
				1B3855453A1BAFA554DEA579 /* [CP] Embed Pods Frameworks */,
			);
			buildRules = (
			);
			dependencies = (
			);
			name = CatchCash;
			productName = CatchCash;
			productReference = BF589EE724B411CE00CFDA7C /* CatchCash.app */;
			productType = "com.apple.product-type.application";
		};
/* End PBXNativeTarget section */

/* Begin PBXProject section */
		BF589EDF24B411CE00CFDA7C /* Project object */ = {
			isa = PBXProject;
			attributes = {
				LastSwiftUpdateCheck = 1150;
				LastUpgradeCheck = 1150;
				ORGANIZATIONNAME = "DaEun Kim";
				TargetAttributes = {
					BF589EE624B411CE00CFDA7C = {
						CreatedOnToolsVersion = 11.5;
					};
				};
			};
			buildConfigurationList = BF589EE224B411CE00CFDA7C /* Build configuration list for PBXProject "CatchCash" */;
			compatibilityVersion = "Xcode 9.3";
			developmentRegion = en;
			hasScannedForEncodings = 0;
			knownRegions = (
				en,
				Base,
			);
			mainGroup = BF589EDE24B411CE00CFDA7C;
			productRefGroup = BF589EE824B411CE00CFDA7C /* Products */;
			projectDirPath = "";
			projectRoot = "";
			targets = (
				BF589EE624B411CE00CFDA7C /* CatchCash */,
			);
		};
/* End PBXProject section */

/* Begin PBXResourcesBuildPhase section */
		BF589EE524B411CE00CFDA7C /* Resources */ = {
			isa = PBXResourcesBuildPhase;
			buildActionMask = 2147483647;
			files = (
				BF589EF724B411D300CFDA7C /* LaunchScreen.storyboard in Resources */,
				BF589EF424B411D300CFDA7C /* Assets.xcassets in Resources */,
				BF589F2324B54D6100CFDA7C /* LabelPicker.xib in Resources */,
				BF589F0624B4411300CFDA7C /* AccountCollectionViewCell.xib in Resources */,
				BF589EF224B411CE00CFDA7C /* Main.storyboard in Resources */,
				BF589F0B24B445CE00CFDA7C /* TransactionTableViewCell.xib in Resources */,
			);
			runOnlyForDeploymentPostprocessing = 0;
		};
/* End PBXResourcesBuildPhase section */

/* Begin PBXShellScriptBuildPhase section */
		14EA2BB22050119F63E7C98E /* [CP] Check Pods Manifest.lock */ = {
			isa = PBXShellScriptBuildPhase;
			buildActionMask = 2147483647;
			files = (
			);
			inputFileListPaths = (
			);
			inputPaths = (
				"${PODS_PODFILE_DIR_PATH}/Podfile.lock",
				"${PODS_ROOT}/Manifest.lock",
			);
			name = "[CP] Check Pods Manifest.lock";
			outputFileListPaths = (
			);
			outputPaths = (
				"$(DERIVED_FILE_DIR)/Pods-CatchCash-checkManifestLockResult.txt",
			);
			runOnlyForDeploymentPostprocessing = 0;
			shellPath = /bin/sh;
			shellScript = "diff \"${PODS_PODFILE_DIR_PATH}/Podfile.lock\" \"${PODS_ROOT}/Manifest.lock\" > /dev/null\nif [ $? != 0 ] ; then\n    # print error to STDERR\n    echo \"error: The sandbox is not in sync with the Podfile.lock. Run 'pod install' or update your CocoaPods installation.\" >&2\n    exit 1\nfi\n# This output is used by Xcode 'outputs' to avoid re-running this script phase.\necho \"SUCCESS\" > \"${SCRIPT_OUTPUT_FILE_0}\"\n";
			showEnvVarsInLog = 0;
		};
		1B3855453A1BAFA554DEA579 /* [CP] Embed Pods Frameworks */ = {
			isa = PBXShellScriptBuildPhase;
			buildActionMask = 2147483647;
			files = (
			);
			inputFileListPaths = (
				"${PODS_ROOT}/Target Support Files/Pods-CatchCash/Pods-CatchCash-frameworks-${CONFIGURATION}-input-files.xcfilelist",
			);
			name = "[CP] Embed Pods Frameworks";
			outputFileListPaths = (
				"${PODS_ROOT}/Target Support Files/Pods-CatchCash/Pods-CatchCash-frameworks-${CONFIGURATION}-output-files.xcfilelist",
			);
			runOnlyForDeploymentPostprocessing = 0;
			shellPath = /bin/sh;
			shellScript = "\"${PODS_ROOT}/Target Support Files/Pods-CatchCash/Pods-CatchCash-frameworks.sh\"\n";
			showEnvVarsInLog = 0;
		};
/* End PBXShellScriptBuildPhase section */

/* Begin PBXSourcesBuildPhase section */
		BF589EE324B411CE00CFDA7C /* Sources */ = {
			isa = PBXSourcesBuildPhase;
			buildActionMask = 2147483647;
			files = (
				BF589F0524B4411300CFDA7C /* AccountCollectionViewCell.swift in Sources */,
				BF589F1424B466CB00CFDA7C /* PieChartView.swift in Sources */,
				BF38BFA324B58D91001C8C4B /* Transaction.swift in Sources */,
				BF589F1924B46A7900CFDA7C /* Color.swift in Sources */,
				BF38BFA024B58686001C8C4B /* TokenManager.swift in Sources */,
				BF589F0A24B445CE00CFDA7C /* TransactionTableViewCell.swift in Sources */,
				BF589EEB24B411CE00CFDA7C /* AppDelegate.swift in Sources */,
				BF589F1224B4510000CFDA7C /* GoalView.swift in Sources */,
				BF589F2824B56B3800CFDA7C /* Service.swift in Sources */,
				BF589F1724B4689D00CFDA7C /* UsageCategory.swift in Sources */,
				BF589F2624B5573000CFDA7C /* API.swift in Sources */,
				BF589F1B24B48DE300CFDA7C /* Gradient.swift in Sources */,
			);
			runOnlyForDeploymentPostprocessing = 0;
		};
/* End PBXSourcesBuildPhase section */

/* Begin PBXVariantGroup section */
		BF589EF024B411CE00CFDA7C /* Main.storyboard */ = {
			isa = PBXVariantGroup;
			children = (
				BF589EF124B411CE00CFDA7C /* Base */,
			);
			name = Main.storyboard;
			sourceTree = "<group>";
		};
		BF589EF524B411D300CFDA7C /* LaunchScreen.storyboard */ = {
			isa = PBXVariantGroup;
			children = (
				BF589EF624B411D300CFDA7C /* Base */,
			);
			name = LaunchScreen.storyboard;
			sourceTree = "<group>";
		};
/* End PBXVariantGroup section */

/* Begin XCBuildConfiguration section */
		BF589EF924B411D300CFDA7C /* Debug */ = {
			isa = XCBuildConfiguration;
			buildSettings = {
				ALWAYS_SEARCH_USER_PATHS = NO;
				CLANG_ANALYZER_NONNULL = YES;
				CLANG_ANALYZER_NUMBER_OBJECT_CONVERSION = YES_AGGRESSIVE;
				CLANG_CXX_LANGUAGE_STANDARD = "gnu++14";
				CLANG_CXX_LIBRARY = "libc++";
				CLANG_ENABLE_MODULES = YES;
				CLANG_ENABLE_OBJC_ARC = YES;
				CLANG_ENABLE_OBJC_WEAK = YES;
				CLANG_WARN_BLOCK_CAPTURE_AUTORELEASING = YES;
				CLANG_WARN_BOOL_CONVERSION = YES;
				CLANG_WARN_COMMA = YES;
				CLANG_WARN_CONSTANT_CONVERSION = YES;
				CLANG_WARN_DEPRECATED_OBJC_IMPLEMENTATIONS = YES;
				CLANG_WARN_DIRECT_OBJC_ISA_USAGE = YES_ERROR;
				CLANG_WARN_DOCUMENTATION_COMMENTS = YES;
				CLANG_WARN_EMPTY_BODY = YES;
				CLANG_WARN_ENUM_CONVERSION = YES;
				CLANG_WARN_INFINITE_RECURSION = YES;
				CLANG_WARN_INT_CONVERSION = YES;
				CLANG_WARN_NON_LITERAL_NULL_CONVERSION = YES;
				CLANG_WARN_OBJC_IMPLICIT_RETAIN_SELF = YES;
				CLANG_WARN_OBJC_LITERAL_CONVERSION = YES;
				CLANG_WARN_OBJC_ROOT_CLASS = YES_ERROR;
				CLANG_WARN_RANGE_LOOP_ANALYSIS = YES;
				CLANG_WARN_STRICT_PROTOTYPES = YES;
				CLANG_WARN_SUSPICIOUS_MOVE = YES;
				CLANG_WARN_UNGUARDED_AVAILABILITY = YES_AGGRESSIVE;
				CLANG_WARN_UNREACHABLE_CODE = YES;
				CLANG_WARN__DUPLICATE_METHOD_MATCH = YES;
				COPY_PHASE_STRIP = NO;
				DEBUG_INFORMATION_FORMAT = dwarf;
				ENABLE_STRICT_OBJC_MSGSEND = YES;
				ENABLE_TESTABILITY = YES;
				GCC_C_LANGUAGE_STANDARD = gnu11;
				GCC_DYNAMIC_NO_PIC = NO;
				GCC_NO_COMMON_BLOCKS = YES;
				GCC_OPTIMIZATION_LEVEL = 0;
				GCC_PREPROCESSOR_DEFINITIONS = (
					"DEBUG=1",
					"$(inherited)",
				);
				GCC_WARN_64_TO_32_BIT_CONVERSION = YES;
				GCC_WARN_ABOUT_RETURN_TYPE = YES_ERROR;
				GCC_WARN_UNDECLARED_SELECTOR = YES;
				GCC_WARN_UNINITIALIZED_AUTOS = YES_AGGRESSIVE;
				GCC_WARN_UNUSED_FUNCTION = YES;
				GCC_WARN_UNUSED_VARIABLE = YES;
				IPHONEOS_DEPLOYMENT_TARGET = 13.5;
				MTL_ENABLE_DEBUG_INFO = INCLUDE_SOURCE;
				MTL_FAST_MATH = YES;
				ONLY_ACTIVE_ARCH = YES;
				SDKROOT = iphoneos;
				SWIFT_ACTIVE_COMPILATION_CONDITIONS = DEBUG;
				SWIFT_OPTIMIZATION_LEVEL = "-Onone";
			};
			name = Debug;
		};
		BF589EFA24B411D300CFDA7C /* Release */ = {
			isa = XCBuildConfiguration;
			buildSettings = {
				ALWAYS_SEARCH_USER_PATHS = NO;
				CLANG_ANALYZER_NONNULL = YES;
				CLANG_ANALYZER_NUMBER_OBJECT_CONVERSION = YES_AGGRESSIVE;
				CLANG_CXX_LANGUAGE_STANDARD = "gnu++14";
				CLANG_CXX_LIBRARY = "libc++";
				CLANG_ENABLE_MODULES = YES;
				CLANG_ENABLE_OBJC_ARC = YES;
				CLANG_ENABLE_OBJC_WEAK = YES;
				CLANG_WARN_BLOCK_CAPTURE_AUTORELEASING = YES;
				CLANG_WARN_BOOL_CONVERSION = YES;
				CLANG_WARN_COMMA = YES;
				CLANG_WARN_CONSTANT_CONVERSION = YES;
				CLANG_WARN_DEPRECATED_OBJC_IMPLEMENTATIONS = YES;
				CLANG_WARN_DIRECT_OBJC_ISA_USAGE = YES_ERROR;
				CLANG_WARN_DOCUMENTATION_COMMENTS = YES;
				CLANG_WARN_EMPTY_BODY = YES;
				CLANG_WARN_ENUM_CONVERSION = YES;
				CLANG_WARN_INFINITE_RECURSION = YES;
				CLANG_WARN_INT_CONVERSION = YES;
				CLANG_WARN_NON_LITERAL_NULL_CONVERSION = YES;
				CLANG_WARN_OBJC_IMPLICIT_RETAIN_SELF = YES;
				CLANG_WARN_OBJC_LITERAL_CONVERSION = YES;
				CLANG_WARN_OBJC_ROOT_CLASS = YES_ERROR;
				CLANG_WARN_RANGE_LOOP_ANALYSIS = YES;
				CLANG_WARN_STRICT_PROTOTYPES = YES;
				CLANG_WARN_SUSPICIOUS_MOVE = YES;
				CLANG_WARN_UNGUARDED_AVAILABILITY = YES_AGGRESSIVE;
				CLANG_WARN_UNREACHABLE_CODE = YES;
				CLANG_WARN__DUPLICATE_METHOD_MATCH = YES;
				COPY_PHASE_STRIP = NO;
				DEBUG_INFORMATION_FORMAT = "dwarf-with-dsym";
				ENABLE_NS_ASSERTIONS = NO;
				ENABLE_STRICT_OBJC_MSGSEND = YES;
				GCC_C_LANGUAGE_STANDARD = gnu11;
				GCC_NO_COMMON_BLOCKS = YES;
				GCC_WARN_64_TO_32_BIT_CONVERSION = YES;
				GCC_WARN_ABOUT_RETURN_TYPE = YES_ERROR;
				GCC_WARN_UNDECLARED_SELECTOR = YES;
				GCC_WARN_UNINITIALIZED_AUTOS = YES_AGGRESSIVE;
				GCC_WARN_UNUSED_FUNCTION = YES;
				GCC_WARN_UNUSED_VARIABLE = YES;
				IPHONEOS_DEPLOYMENT_TARGET = 13.5;
				MTL_ENABLE_DEBUG_INFO = NO;
				MTL_FAST_MATH = YES;
				SDKROOT = iphoneos;
				SWIFT_COMPILATION_MODE = wholemodule;
				SWIFT_OPTIMIZATION_LEVEL = "-O";
				VALIDATE_PRODUCT = YES;
			};
			name = Release;
		};
		BF589EFC24B411D300CFDA7C /* Debug */ = {
			isa = XCBuildConfiguration;
			baseConfigurationReference = 428803BFA6AED38B05787F00 /* Pods-CatchCash.debug.xcconfig */;
			buildSettings = {
				ASSETCATALOG_COMPILER_APPICON_NAME = AppIcon;
				CODE_SIGN_STYLE = Automatic;
				DEVELOPMENT_TEAM = VY4FNTH9C6;
				INFOPLIST_FILE = "CatchCash/Supporting Files/Info.plist";
				LD_RUNPATH_SEARCH_PATHS = (
					"$(inherited)",
					"@executable_path/Frameworks",
				);
				PRODUCT_BUNDLE_IDENTIFIER = daeun28.CatchCash;
				PRODUCT_NAME = "$(TARGET_NAME)";
				SWIFT_VERSION = 5.0;
				TARGETED_DEVICE_FAMILY = 1;
			};
			name = Debug;
		};
		BF589EFD24B411D300CFDA7C /* Release */ = {
			isa = XCBuildConfiguration;
			baseConfigurationReference = 7264C1CE385D4BDEC90ABC17 /* Pods-CatchCash.release.xcconfig */;
			buildSettings = {
				ASSETCATALOG_COMPILER_APPICON_NAME = AppIcon;
				CODE_SIGN_STYLE = Automatic;
				DEVELOPMENT_TEAM = VY4FNTH9C6;
				INFOPLIST_FILE = "CatchCash/Supporting Files/Info.plist";
				LD_RUNPATH_SEARCH_PATHS = (
					"$(inherited)",
					"@executable_path/Frameworks",
				);
				PRODUCT_BUNDLE_IDENTIFIER = daeun28.CatchCash;
				PRODUCT_NAME = "$(TARGET_NAME)";
				SWIFT_VERSION = 5.0;
				TARGETED_DEVICE_FAMILY = 1;
			};
			name = Release;
		};
/* End XCBuildConfiguration section */

/* Begin XCConfigurationList section */
		BF589EE224B411CE00CFDA7C /* Build configuration list for PBXProject "CatchCash" */ = {
			isa = XCConfigurationList;
			buildConfigurations = (
				BF589EF924B411D300CFDA7C /* Debug */,
				BF589EFA24B411D300CFDA7C /* Release */,
			);
			defaultConfigurationIsVisible = 0;
			defaultConfigurationName = Release;
		};
		BF589EFB24B411D300CFDA7C /* Build configuration list for PBXNativeTarget "CatchCash" */ = {
			isa = XCConfigurationList;
			buildConfigurations = (
				BF589EFC24B411D300CFDA7C /* Debug */,
				BF589EFD24B411D300CFDA7C /* Release */,
			);
			defaultConfigurationIsVisible = 0;
			defaultConfigurationName = Release;
		};
/* End XCConfigurationList section */
	};
	rootObject = BF589EDF24B411CE00CFDA7C /* Project object */;
}
